
Microsoft Visual Studio Solution File, Format Version 12.00
# Visual Studio 2013
VisualStudioVersion = 12.0.21005.1
MinimumVisualStudioVersion = 10.0.40219.1
Project("{FAE04EC0-301F-11D3-BF4B-00C04F79EFBC}") = "FileScanner", "FileScanner\FileScanner.csproj", "{B1D2BCF1-C47D-4B42-8E4F-DB262AD3ACAE}"
EndProject
Project("{FAE04EC0-301F-11D3-BF4B-00C04F79EFBC}") = "FileScanner.FileParsing", "FileScanner.FileParsing\FileScanner.FileParsing.csproj", "{AEFBCEB4-8B3B-4D2C-8515-2287AA34FBC3}"
EndProject
Project("{FAE04EC0-301F-11D3-BF4B-00C04F79EFBC}") = "FileScanner.PatternMatching", "FileScanner.PatternMatching\FileScanner.PatternMatching.csproj", "{A2616891-1F0C-4FE9-BF55-FF2A1283E6B7}"
EndProject
Project("{FAE04EC0-301F-11D3-BF4B-00C04F79EFBC}") = "FileScanner.PersistanceManager", "FileScanner.PersistanceManager\FileScanner.PersistanceManager.csproj", "{A69354FF-4D15-4B39-894F-94F0CCB236BC}"
EndProject
Project("{FAE04EC0-301F-11D3-BF4B-00C04F79EFBC}") = "FileScanner.Preprocessing", "FileScanner.Preprocessing\FileScanner.Preprocessing.csproj", "{1D5391E8-F712-4415-9910-4362D7AE9A26}"
EndProject
Project("{FAE04EC0-301F-11D3-BF4B-00C04F79EFBC}") = "FileScanner.SearchSummary", "FileScanner.SearchSummary\FileScanner.SearchSummary.csproj", "{79E8173B-4CB0-4D58-96B4-D43270BAA8A7}"
EndProject
Project("{FAE04EC0-301F-11D3-BF4B-00C04F79EFBC}") = "FileScanner.PersistanceManagerTests", "FileScanner.PersistanceManagerTests1\FileScanner.PersistanceManagerTests.csproj", "{B6EF7651-0775-41CA-B86C-55446EDC36A3}"
EndProject
Global
	GlobalSection(SolutionConfigurationPlatforms) = preSolution
		Debug|Any CPU = Debug|Any CPU
		Release|Any CPU = Release|Any CPU
	EndGlobalSection
	GlobalSection(ProjectConfigurationPlatforms) = postSolution
		{B1D2BCF1-C47D-4B42-8E4F-DB262AD3ACAE}.Debug|Any CPU.ActiveCfg = Debug|Any CPU
		{B1D2BCF1-C47D-4B42-8E4F-DB262AD3ACAE}.Debug|Any CPU.Build.0 = Debug|Any CPU
		{B1D2BCF1-C47D-4B42-8E4F-DB262AD3ACAE}.Release|Any CPU.ActiveCfg = Release|Any CPU
		{B1D2BCF1-C47D-4B42-8E4F-DB262AD3ACAE}.Release|Any CPU.Build.0 = Release|Any CPU
		{AEFBCEB4-8B3B-4D2C-8515-2287AA34FBC3}.Debug|Any CPU.ActiveCfg = Debug|Any CPU
		{AEFBCEB4-8B3B-4D2C-8515-2287AA34FBC3}.Debug|Any CPU.Build.0 = Debug|Any CPU
		{AEFBCEB4-8B3B-4D2C-8515-2287AA34FBC3}.Release|Any CPU.ActiveCfg = Release|Any CPU
		{AEFBCEB4-8B3B-4D2C-8515-2287AA34FBC3}.Release|Any CPU.Build.0 = Release|Any CPU
		{A2616891-1F0C-4FE9-BF55-FF2A1283E6B7}.Debug|Any CPU.ActiveCfg = Debug|Any CPU
		{A2616891-1F0C-4FE9-BF55-FF2A1283E6B7}.Debug|Any CPU.Build.0 = Debug|Any CPU
		{A2616891-1F0C-4FE9-BF55-FF2A1283E6B7}.Release|Any CPU.ActiveCfg = Release|Any CPU
		{A2616891-1F0C-4FE9-BF55-FF2A1283E6B7}.Release|Any CPU.Build.0 = Release|Any CPU
		{A69354FF-4D15-4B39-894F-94F0CCB236BC}.Debug|Any CPU.ActiveCfg = Debug|Any CPU
		{A69354FF-4D15-4B39-894F-94F0CCB236BC}.Debug|Any CPU.Build.0 = Debug|Any CPU
		{A69354FF-4D15-4B39-894F-94F0CCB236BC}.Release|Any CPU.ActiveCfg = Release|Any CPU
		{A69354FF-4D15-4B39-894F-94F0CCB236BC}.Release|Any CPU.Build.0 = Release|Any CPU
		{1D5391E8-F712-4415-9910-4362D7AE9A26}.Debug|Any CPU.ActiveCfg = Debug|Any CPU
		{1D5391E8-F712-4415-9910-4362D7AE9A26}.Debug|Any CPU.Build.0 = Debug|Any CPU
		{1D5391E8-F712-4415-9910-4362D7AE9A26}.Release|Any CPU.ActiveCfg = Release|Any CPU
		{1D5391E8-F712-4415-9910-4362D7AE9A26}.Release|Any CPU.Build.0 = Release|Any CPU
		{79E8173B-4CB0-4D58-96B4-D43270BAA8A7}.Debug|Any CPU.ActiveCfg = Debug|Any CPU
		{79E8173B-4CB0-4D58-96B4-D43270BAA8A7}.Debug|Any CPU.Build.0 = Debug|Any CPU
		{79E8173B-4CB0-4D58-96B4-D43270BAA8A7}.Release|Any CPU.ActiveCfg = Release|Any CPU
		{79E8173B-4CB0-4D58-96B4-D43270BAA8A7}.Release|Any CPU.Build.0 = Release|Any CPU
		{B6EF7651-0775-41CA-B86C-55446EDC36A3}.Debug|Any CPU.ActiveCfg = Debug|Any CPU
		{B6EF7651-0775-41CA-B86C-55446EDC36A3}.Debug|Any CPU.Build.0 = Debug|Any CPU
		{B6EF7651-0775-41CA-B86C-55446EDC36A3}.Release|Any CPU.ActiveCfg = Release|Any CPU
		{B6EF7651-0775-41CA-B86C-55446EDC36A3}.Release|Any CPU.Build.0 = Release|Any CPU
	EndGlobalSection
	GlobalSection(SolutionProperties) = preSolution
		HideSolutionNode = FALSE
	EndGlobalSection
EndGlobal
